// !$*UTF8*$!
{
	archiveVersion = 1;
	classes = {
	};
	objectVersion = 56;
	objects = {

/* Begin PBXBuildFile section */
		71F350921BB8469E053688C6 /* Pods_PipeCalculator.framework in Frameworks */ = {isa = PBXBuildFile; fileRef = 85E56CA2B5889FCB5691BE1E /* Pods_PipeCalculator.framework */; };
		9624BC9829A4FB2600644288 /* CurrencyViewController.swift in Sources */ = {isa = PBXBuildFile; fileRef = 9624BC9729A4FB2600644288 /* CurrencyViewController.swift */; };
		96AF1ADC29A8DD8100AD1CB3 /* PriceViewController.swift in Sources */ = {isa = PBXBuildFile; fileRef = 96AF1ADB29A8DD8100AD1CB3 /* PriceViewController.swift */; };
		96AF1B1F29B8FB4C00AD1CB3 /* 8bitfont.TTF in Resources */ = {isa = PBXBuildFile; fileRef = 96AF1B1E29B8FB4C00AD1CB3 /* 8bitfont.TTF */; };
		96AF1B2529B90B1300AD1CB3 /* Minecrafter.Reg.ttf in Resources */ = {isa = PBXBuildFile; fileRef = 96AF1B2429B90B1200AD1CB3 /* Minecrafter.Reg.ttf */; };
		96AF1B2B29C2396700AD1CB3 /* Moon Flower.ttf in Resources */ = {isa = PBXBuildFile; fileRef = 96AF1B2A29C2396600AD1CB3 /* Moon Flower.ttf */; };
		96B6C5E52985951A00787122 /* AppDelegate.swift in Sources */ = {isa = PBXBuildFile; fileRef = 96B6C5E42985951A00787122 /* AppDelegate.swift */; };
		96B6C5E72985951A00787122 /* SceneDelegate.swift in Sources */ = {isa = PBXBuildFile; fileRef = 96B6C5E62985951A00787122 /* SceneDelegate.swift */; };
		96B6C5E92985951A00787122 /* SplashViewController.swift in Sources */ = {isa = PBXBuildFile; fileRef = 96B6C5E82985951A00787122 /* SplashViewController.swift */; };
		96B6C5EC2985951A00787122 /* Main.storyboard in Resources */ = {isa = PBXBuildFile; fileRef = 96B6C5EA2985951A00787122 /* Main.storyboard */; };
		96B6C5EE2985951F00787122 /* Assets.xcassets in Resources */ = {isa = PBXBuildFile; fileRef = 96B6C5ED2985951F00787122 /* Assets.xcassets */; };
		96B6C5F12985951F00787122 /* LaunchScreen.storyboard in Resources */ = {isa = PBXBuildFile; fileRef = 96B6C5EF2985951F00787122 /* LaunchScreen.storyboard */; };
		96B6C5FB2985A93600787122 /* MainViewController.swift in Sources */ = {isa = PBXBuildFile; fileRef = 96B6C5FA2985A93600787122 /* MainViewController.swift */; };
		96B6C6042986ED8B00787122 /* Alamofire in Frameworks */ = {isa = PBXBuildFile; productRef = 96B6C6032986ED8B00787122 /* Alamofire */; };
		96B6C6072986EDAC00787122 /* SwiftyJSON in Frameworks */ = {isa = PBXBuildFile; productRef = 96B6C6062986EDAC00787122 /* SwiftyJSON */; };
		96B6C60929880F5700787122 /* Manager.swift in Sources */ = {isa = PBXBuildFile; fileRef = 96B6C60829880F5700787122 /* Manager.swift */; };
		96FD9A0429D0A1C1001E13BC /* Animation.swift in Sources */ = {isa = PBXBuildFile; fileRef = 96FD9A0329D0A1C1001E13BC /* Animation.swift */; };
/* End PBXBuildFile section */

/* Begin PBXFileReference section */
		85E56CA2B5889FCB5691BE1E /* Pods_PipeCalculator.framework */ = {isa = PBXFileReference; explicitFileType = wrapper.framework; includeInIndex = 0; path = Pods_PipeCalculator.framework; sourceTree = BUILT_PRODUCTS_DIR; };
		8648DC04F9C497AE65723F9C /* Pods-PipeCalculator.debug.xcconfig */ = {isa = PBXFileReference; includeInIndex = 1; lastKnownFileType = text.xcconfig; name = "Pods-PipeCalculator.debug.xcconfig"; path = "Target Support Files/Pods-PipeCalculator/Pods-PipeCalculator.debug.xcconfig"; sourceTree = "<group>"; };
		86ADB2D0140D98A82AD1CF1E /* Pods-PipeCalculator.release.xcconfig */ = {isa = PBXFileReference; includeInIndex = 1; lastKnownFileType = text.xcconfig; name = "Pods-PipeCalculator.release.xcconfig"; path = "Target Support Files/Pods-PipeCalculator/Pods-PipeCalculator.release.xcconfig"; sourceTree = "<group>"; };
		9624BC9729A4FB2600644288 /* CurrencyViewController.swift */ = {isa = PBXFileReference; lastKnownFileType = sourcecode.swift; path = CurrencyViewController.swift; sourceTree = "<group>"; };
		96AF1ADB29A8DD8100AD1CB3 /* PriceViewController.swift */ = {isa = PBXFileReference; lastKnownFileType = sourcecode.swift; path = PriceViewController.swift; sourceTree = "<group>"; };
		96AF1B1E29B8FB4C00AD1CB3 /* 8bitfont.TTF */ = {isa = PBXFileReference; lastKnownFileType = file; name = 8bitfont.TTF; path = ../../../../../Downloads/04b_30/8bitfont.TTF; sourceTree = "<group>"; };
		96AF1B2429B90B1200AD1CB3 /* Minecrafter.Reg.ttf */ = {isa = PBXFileReference; lastKnownFileType = file; name = Minecrafter.Reg.ttf; path = ../../../../../Downloads/minecrafter/Minecrafter.Reg.ttf; sourceTree = "<group>"; };
		96AF1B2A29C2396600AD1CB3 /* Moon Flower.ttf */ = {isa = PBXFileReference; lastKnownFileType = file; name = "Moon Flower.ttf"; path = "../../../../../Downloads/Moon Flower-2/Moon Flower.ttf"; sourceTree = "<group>"; };
		96B6C5E12985951A00787122 /* PipeCalculator.app */ = {isa = PBXFileReference; explicitFileType = wrapper.application; includeInIndex = 0; path = PipeCalculator.app; sourceTree = BUILT_PRODUCTS_DIR; };
		96B6C5E42985951A00787122 /* AppDelegate.swift */ = {isa = PBXFileReference; lastKnownFileType = sourcecode.swift; path = AppDelegate.swift; sourceTree = "<group>"; };
		96B6C5E62985951A00787122 /* SceneDelegate.swift */ = {isa = PBXFileReference; lastKnownFileType = sourcecode.swift; path = SceneDelegate.swift; sourceTree = "<group>"; };
		96B6C5E82985951A00787122 /* SplashViewController.swift */ = {isa = PBXFileReference; lastKnownFileType = sourcecode.swift; path = SplashViewController.swift; sourceTree = "<group>"; };
		96B6C5EB2985951A00787122 /* Base */ = {isa = PBXFileReference; lastKnownFileType = file.storyboard; name = Base; path = Base.lproj/Main.storyboard; sourceTree = "<group>"; };
		96B6C5ED2985951F00787122 /* Assets.xcassets */ = {isa = PBXFileReference; lastKnownFileType = folder.assetcatalog; path = Assets.xcassets; sourceTree = "<group>"; };
		96B6C5F02985951F00787122 /* Base */ = {isa = PBXFileReference; lastKnownFileType = file.storyboard; name = Base; path = Base.lproj/LaunchScreen.storyboard; sourceTree = "<group>"; };
		96B6C5F22985951F00787122 /* Info.plist */ = {isa = PBXFileReference; lastKnownFileType = text.plist.xml; path = Info.plist; sourceTree = "<group>"; };
		96B6C5FA2985A93600787122 /* MainViewController.swift */ = {isa = PBXFileReference; lastKnownFileType = sourcecode.swift; path = MainViewController.swift; sourceTree = "<group>"; };
		96B6C60829880F5700787122 /* Manager.swift */ = {isa = PBXFileReference; lastKnownFileType = sourcecode.swift; path = Manager.swift; sourceTree = "<group>"; };
		96FD9A0329D0A1C1001E13BC /* Animation.swift */ = {isa = PBXFileReference; lastKnownFileType = sourcecode.swift; path = Animation.swift; sourceTree = "<group>"; };
/* End PBXFileReference section */

/* Begin PBXFrameworksBuildPhase section */
		96B6C5DE2985951A00787122 /* Frameworks */ = {
			isa = PBXFrameworksBuildPhase;
			buildActionMask = 2147483647;
			files = (
				96B6C6072986EDAC00787122 /* SwiftyJSON in Frameworks */,
				96B6C6042986ED8B00787122 /* Alamofire in Frameworks */,
				71F350921BB8469E053688C6 /* Pods_PipeCalculator.framework in Frameworks */,
			);
			runOnlyForDeploymentPostprocessing = 0;
		};
/* End PBXFrameworksBuildPhase section */

/* Begin PBXGroup section */
		96B6C5D82985951A00787122 = {
			isa = PBXGroup;
			children = (
				96B6C60829880F5700787122 /* Manager.swift */,
				96FD9A0329D0A1C1001E13BC /* Animation.swift */,
				96B6C5E32985951A00787122 /* PipeCalculator */,
				96B6C5E22985951A00787122 /* Products */,
				BAE4557DA307BCFDCA0BFF67 /* Pods */,
				C7570A7B6387A9EE908DB68E /* Frameworks */,
			);
			sourceTree = "<group>";
		};
		96B6C5E22985951A00787122 /* Products */ = {
			isa = PBXGroup;
			children = (
				96B6C5E12985951A00787122 /* PipeCalculator.app */,
			);
			name = Products;
			sourceTree = "<group>";
		};
		96B6C5E32985951A00787122 /* PipeCalculator */ = {
			isa = PBXGroup;
			children = (
				96B6C5E82985951A00787122 /* SplashViewController.swift */,
				96B6C5FA2985A93600787122 /* MainViewController.swift */,
				9624BC9729A4FB2600644288 /* CurrencyViewController.swift */,
				96AF1ADB29A8DD8100AD1CB3 /* PriceViewController.swift */,
				96B6C5F92985959600787122 /* Views */,
				96B6C5ED2985951F00787122 /* Assets.xcassets */,
				96AF1B2429B90B1200AD1CB3 /* Minecrafter.Reg.ttf */,
				96AF1B2A29C2396600AD1CB3 /* Moon Flower.ttf */,
				96AF1B1E29B8FB4C00AD1CB3 /* 8bitfont.TTF */,
				96B6C5F82985956D00787122 /* Delegates */,
				96B6C5F22985951F00787122 /* Info.plist */,
			);
			path = PipeCalculator;
			sourceTree = "<group>";
		};
		96B6C5F82985956D00787122 /* Delegates */ = {
			isa = PBXGroup;
			children = (
				96B6C5E42985951A00787122 /* AppDelegate.swift */,
				96B6C5E62985951A00787122 /* SceneDelegate.swift */,
			);
			path = Delegates;
			sourceTree = "<group>";
		};
		96B6C5F92985959600787122 /* Views */ = {
			isa = PBXGroup;
			children = (
				96B6C5EA2985951A00787122 /* Main.storyboard */,
				96B6C5EF2985951F00787122 /* LaunchScreen.storyboard */,
			);
			path = Views;
			sourceTree = "<group>";
		};
		BAE4557DA307BCFDCA0BFF67 /* Pods */ = {
			isa = PBXGroup;
			children = (
				8648DC04F9C497AE65723F9C /* Pods-PipeCalculator.debug.xcconfig */,
				86ADB2D0140D98A82AD1CF1E /* Pods-PipeCalculator.release.xcconfig */,
			);
			path = Pods;
			sourceTree = "<group>";
		};
		C7570A7B6387A9EE908DB68E /* Frameworks */ = {
			isa = PBXGroup;
			children = (
				85E56CA2B5889FCB5691BE1E /* Pods_PipeCalculator.framework */,
			);
			name = Frameworks;
			sourceTree = "<group>";
		};
/* End PBXGroup section */

/* Begin PBXNativeTarget section */
		96B6C5E02985951A00787122 /* PipeCalculator */ = {
			isa = PBXNativeTarget;
			buildConfigurationList = 96B6C5F52985951F00787122 /* Build configuration list for PBXNativeTarget "PipeCalculator" */;
			buildPhases = (
				156917915E9C2F2A1BD6A4C1 /* [CP] Check Pods Manifest.lock */,
				96B6C5DD2985951A00787122 /* Sources */,
				96B6C5DE2985951A00787122 /* Frameworks */,
				96B6C5DF2985951A00787122 /* Resources */,
				9775694E6B7CBF5807673668 /* [CP] Embed Pods Frameworks */,
			);
			buildRules = (
			);
			dependencies = (
			);
			name = PipeCalculator;
			packageProductDependencies = (
				96B6C6032986ED8B00787122 /* Alamofire */,
				96B6C6062986EDAC00787122 /* SwiftyJSON */,
			);
			productName = PipeCalculator;
			productReference = 96B6C5E12985951A00787122 /* PipeCalculator.app */;
			productType = "com.apple.product-type.application";
		};
/* End PBXNativeTarget section */

/* Begin PBXProject section */
		96B6C5D92985951A00787122 /* Project object */ = {
			isa = PBXProject;
			attributes = {
				BuildIndependentTargetsInParallel = 1;
				LastSwiftUpdateCheck = 1420;
				LastUpgradeCheck = 1420;
				TargetAttributes = {
					96B6C5E02985951A00787122 = {
						CreatedOnToolsVersion = 14.2;
					};
				};
			};
			buildConfigurationList = 96B6C5DC2985951A00787122 /* Build configuration list for PBXProject "PipeCalculator" */;
			compatibilityVersion = "Xcode 14.0";
			developmentRegion = en;
			hasScannedForEncodings = 0;
			knownRegions = (
				en,
				Base,
			);
			mainGroup = 96B6C5D82985951A00787122;
			packageReferences = (
				96B6C6022986ED8B00787122 /* XCRemoteSwiftPackageReference "Alamofire" */,
				96B6C6052986EDAC00787122 /* XCRemoteSwiftPackageReference "SwiftyJSON" */,
			);
			productRefGroup = 96B6C5E22985951A00787122 /* Products */;
			projectDirPath = "";
			projectRoot = "";
			targets = (
				96B6C5E02985951A00787122 /* PipeCalculator */,
			);
		};
/* End PBXProject section */

/* Begin PBXResourcesBuildPhase section */
		96B6C5DF2985951A00787122 /* Resources */ = {
			isa = PBXResourcesBuildPhase;
			buildActionMask = 2147483647;
			files = (
				96B6C5F12985951F00787122 /* LaunchScreen.storyboard in Resources */,
				96AF1B2B29C2396700AD1CB3 /* Moon Flower.ttf in Resources */,
				96B6C5EE2985951F00787122 /* Assets.xcassets in Resources */,
				96AF1B1F29B8FB4C00AD1CB3 /* 8bitfont.TTF in Resources */,
				96AF1B2529B90B1300AD1CB3 /* Minecrafter.Reg.ttf in Resources */,
				96B6C5EC2985951A00787122 /* Main.storyboard in Resources */,
			);
			runOnlyForDeploymentPostprocessing = 0;
		};
/* End PBXResourcesBuildPhase section */

/* Begin PBXShellScriptBuildPhase section */
		156917915E9C2F2A1BD6A4C1 /* [CP] Check Pods Manifest.lock */ = {
			isa = PBXShellScriptBuildPhase;
			buildActionMask = 2147483647;
			files = (
			);
			inputFileListPaths = (
			);
			inputPaths = (
				"${PODS_PODFILE_DIR_PATH}/Podfile.lock",
				"${PODS_ROOT}/Manifest.lock",
			);
			name = "[CP] Check Pods Manifest.lock";
			outputFileListPaths = (
			);
			outputPaths = (
				"$(DERIVED_FILE_DIR)/Pods-PipeCalculator-checkManifestLockResult.txt",
			);
			runOnlyForDeploymentPostprocessing = 0;
			shellPath = /bin/sh;
			shellScript = "diff \"${PODS_PODFILE_DIR_PATH}/Podfile.lock\" \"${PODS_ROOT}/Manifest.lock\" > /dev/null\nif [ $? != 0 ] ; then\n    # print error to STDERR\n    echo \"error: The sandbox is not in sync with the Podfile.lock. Run 'pod install' or update your CocoaPods installation.\" >&2\n    exit 1\nfi\n# This output is used by Xcode 'outputs' to avoid re-running this script phase.\necho \"SUCCESS\" > \"${SCRIPT_OUTPUT_FILE_0}\"\n";
			showEnvVarsInLog = 0;
		};
		9775694E6B7CBF5807673668 /* [CP] Embed Pods Frameworks */ = {
			isa = PBXShellScriptBuildPhase;
			buildActionMask = 2147483647;
			files = (
			);
			inputFileListPaths = (
				"${PODS_ROOT}/Target Support Files/Pods-PipeCalculator/Pods-PipeCalculator-frameworks-${CONFIGURATION}-input-files.xcfilelist",
			);
			name = "[CP] Embed Pods Frameworks";
			outputFileListPaths = (
				"${PODS_ROOT}/Target Support Files/Pods-PipeCalculator/Pods-PipeCalculator-frameworks-${CONFIGURATION}-output-files.xcfilelist",
			);
			runOnlyForDeploymentPostprocessing = 0;
			shellPath = /bin/sh;
			shellScript = "\"${PODS_ROOT}/Target Support Files/Pods-PipeCalculator/Pods-PipeCalculator-frameworks.sh\"\n";
			showEnvVarsInLog = 0;
		};
/* End PBXShellScriptBuildPhase section */

/* Begin PBXSourcesBuildPhase section */
		96B6C5DD2985951A00787122 /* Sources */ = {
			isa = PBXSourcesBuildPhase;
			buildActionMask = 2147483647;
			files = (
				96B6C5E92985951A00787122 /* SplashViewController.swift in Sources */,
				9624BC9829A4FB2600644288 /* CurrencyViewController.swift in Sources */,
				96FD9A0429D0A1C1001E13BC /* Animation.swift in Sources */,
				96B6C5E52985951A00787122 /* AppDelegate.swift in Sources */,
				96B6C5E72985951A00787122 /* SceneDelegate.swift in Sources */,
				96B6C5FB2985A93600787122 /* MainViewController.swift in Sources */,
				96B6C60929880F5700787122 /* Manager.swift in Sources */,
				96AF1ADC29A8DD8100AD1CB3 /* PriceViewController.swift in Sources */,
			);
			runOnlyForDeploymentPostprocessing = 0;
		};
/* End PBXSourcesBuildPhase section */

/* Begin PBXVariantGroup section */
		96B6C5EA2985951A00787122 /* Main.storyboard */ = {
			isa = PBXVariantGroup;
			children = (
				96B6C5EB2985951A00787122 /* Base */,
			);
			name = Main.storyboard;
			sourceTree = "<group>";
		};
		96B6C5EF2985951F00787122 /* LaunchScreen.storyboard */ = {
			isa = PBXVariantGroup;
			children = (
				96B6C5F02985951F00787122 /* Base */,
			);
			name = LaunchScreen.storyboard;
			sourceTree = "<group>";
		};
/* End PBXVariantGroup section */

/* Begin XCBuildConfiguration section */
		96B6C5F32985951F00787122 /* Debug */ = {
			isa = XCBuildConfiguration;
			buildSettings = {
				ALWAYS_SEARCH_USER_PATHS = NO;
				CLANG_ANALYZER_NONNULL = YES;
				CLANG_ANALYZER_NUMBER_OBJECT_CONVERSION = YES_AGGRESSIVE;
				CLANG_CXX_LANGUAGE_STANDARD = "gnu++20";
				CLANG_ENABLE_MODULES = YES;
				CLANG_ENABLE_OBJC_ARC = YES;
				CLANG_ENABLE_OBJC_WEAK = YES;
				CLANG_WARN_BLOCK_CAPTURE_AUTORELEASING = YES;
				CLANG_WARN_BOOL_CONVERSION = YES;
				CLANG_WARN_COMMA = YES;
				CLANG_WARN_CONSTANT_CONVERSION = YES;
				CLANG_WARN_DEPRECATED_OBJC_IMPLEMENTATIONS = YES;
				CLANG_WARN_DIRECT_OBJC_ISA_USAGE = YES_ERROR;
				CLANG_WARN_DOCUMENTATION_COMMENTS = YES;
				CLANG_WARN_EMPTY_BODY = YES;
				CLANG_WARN_ENUM_CONVERSION = YES;
				CLANG_WARN_INFINITE_RECURSION = YES;
				CLANG_WARN_INT_CONVERSION = YES;
				CLANG_WARN_NON_LITERAL_NULL_CONVERSION = YES;
				CLANG_WARN_OBJC_IMPLICIT_RETAIN_SELF = YES;
				CLANG_WARN_OBJC_LITERAL_CONVERSION = YES;
				CLANG_WARN_OBJC_ROOT_CLASS = YES_ERROR;
				CLANG_WARN_QUOTED_INCLUDE_IN_FRAMEWORK_HEADER = YES;
				CLANG_WARN_RANGE_LOOP_ANALYSIS = YES;
				CLANG_WARN_STRICT_PROTOTYPES = YES;
				CLANG_WARN_SUSPICIOUS_MOVE = YES;
				CLANG_WARN_UNGUARDED_AVAILABILITY = YES_AGGRESSIVE;
				CLANG_WARN_UNREACHABLE_CODE = YES;
				CLANG_WARN__DUPLICATE_METHOD_MATCH = YES;
				COPY_PHASE_STRIP = NO;
				DEBUG_INFORMATION_FORMAT = dwarf;
				ENABLE_STRICT_OBJC_MSGSEND = YES;
				ENABLE_TESTABILITY = YES;
				GCC_C_LANGUAGE_STANDARD = gnu11;
				GCC_DYNAMIC_NO_PIC = NO;
				GCC_NO_COMMON_BLOCKS = YES;
				GCC_OPTIMIZATION_LEVEL = 0;
				GCC_PREPROCESSOR_DEFINITIONS = (
					"DEBUG=1",
					"$(inherited)",
				);
				GCC_WARN_64_TO_32_BIT_CONVERSION = YES;
				GCC_WARN_ABOUT_RETURN_TYPE = YES_ERROR;
				GCC_WARN_UNDECLARED_SELECTOR = YES;
				GCC_WARN_UNINITIALIZED_AUTOS = YES_AGGRESSIVE;
				GCC_WARN_UNUSED_FUNCTION = YES;
				GCC_WARN_UNUSED_VARIABLE = YES;
				IPHONEOS_DEPLOYMENT_TARGET = 16.2;
				MTL_ENABLE_DEBUG_INFO = INCLUDE_SOURCE;
				MTL_FAST_MATH = YES;
				ONLY_ACTIVE_ARCH = YES;
				SDKROOT = iphoneos;
				SWIFT_ACTIVE_COMPILATION_CONDITIONS = DEBUG;
				SWIFT_OPTIMIZATION_LEVEL = "-Onone";
			};
			name = Debug;
		};
		96B6C5F42985951F00787122 /* Release */ = {
			isa = XCBuildConfiguration;
			buildSettings = {
				ALWAYS_SEARCH_USER_PATHS = NO;
				CLANG_ANALYZER_NONNULL = YES;
				CLANG_ANALYZER_NUMBER_OBJECT_CONVERSION = YES_AGGRESSIVE;
				CLANG_CXX_LANGUAGE_STANDARD = "gnu++20";
				CLANG_ENABLE_MODULES = YES;
				CLANG_ENABLE_OBJC_ARC = YES;
				CLANG_ENABLE_OBJC_WEAK = YES;
				CLANG_WARN_BLOCK_CAPTURE_AUTORELEASING = YES;
				CLANG_WARN_BOOL_CONVERSION = YES;
				CLANG_WARN_COMMA = YES;
				CLANG_WARN_CONSTANT_CONVERSION = YES;
				CLANG_WARN_DEPRECATED_OBJC_IMPLEMENTATIONS = YES;
				CLANG_WARN_DIRECT_OBJC_ISA_USAGE = YES_ERROR;
				CLANG_WARN_DOCUMENTATION_COMMENTS = YES;
				CLANG_WARN_EMPTY_BODY = YES;
				CLANG_WARN_ENUM_CONVERSION = YES;
				CLANG_WARN_INFINITE_RECURSION = YES;
				CLANG_WARN_INT_CONVERSION = YES;
				CLANG_WARN_NON_LITERAL_NULL_CONVERSION = YES;
				CLANG_WARN_OBJC_IMPLICIT_RETAIN_SELF = YES;
				CLANG_WARN_OBJC_LITERAL_CONVERSION = YES;
				CLANG_WARN_OBJC_ROOT_CLASS = YES_ERROR;
				CLANG_WARN_QUOTED_INCLUDE_IN_FRAMEWORK_HEADER = YES;
				CLANG_WARN_RANGE_LOOP_ANALYSIS = YES;
				CLANG_WARN_STRICT_PROTOTYPES = YES;
				CLANG_WARN_SUSPICIOUS_MOVE = YES;
				CLANG_WARN_UNGUARDED_AVAILABILITY = YES_AGGRESSIVE;
				CLANG_WARN_UNREACHABLE_CODE = YES;
				CLANG_WARN__DUPLICATE_METHOD_MATCH = YES;
				COPY_PHASE_STRIP = NO;
				DEBUG_INFORMATION_FORMAT = "dwarf-with-dsym";
				ENABLE_NS_ASSERTIONS = NO;
				ENABLE_STRICT_OBJC_MSGSEND = YES;
				GCC_C_LANGUAGE_STANDARD = gnu11;
				GCC_NO_COMMON_BLOCKS = YES;
				GCC_WARN_64_TO_32_BIT_CONVERSION = YES;
				GCC_WARN_ABOUT_RETURN_TYPE = YES_ERROR;
				GCC_WARN_UNDECLARED_SELECTOR = YES;
				GCC_WARN_UNINITIALIZED_AUTOS = YES_AGGRESSIVE;
				GCC_WARN_UNUSED_FUNCTION = YES;
				GCC_WARN_UNUSED_VARIABLE = YES;
				IPHONEOS_DEPLOYMENT_TARGET = 16.2;
				MTL_ENABLE_DEBUG_INFO = NO;
				MTL_FAST_MATH = YES;
				SDKROOT = iphoneos;
				SWIFT_COMPILATION_MODE = wholemodule;
				SWIFT_OPTIMIZATION_LEVEL = "-O";
				VALIDATE_PRODUCT = YES;
			};
			name = Release;
		};
		96B6C5F62985951F00787122 /* Debug */ = {
			isa = XCBuildConfiguration;
			baseConfigurationReference = 8648DC04F9C497AE65723F9C /* Pods-PipeCalculator.debug.xcconfig */;
			buildSettings = {
				ASSETCATALOG_COMPILER_APPICON_NAME = AppIcon;
				ASSETCATALOG_COMPILER_GLOBAL_ACCENT_COLOR_NAME = AccentColor;
				CODE_SIGN_STYLE = Automatic;
				CURRENT_PROJECT_VERSION = 1;
				DEVELOPMENT_TEAM = T7GV2BL9LD;
				GENERATE_INFOPLIST_FILE = YES;
				INFOPLIST_FILE = PipeCalculator/Info.plist;
				INFOPLIST_KEY_UIApplicationSupportsIndirectInputEvents = YES;
				INFOPLIST_KEY_UILaunchStoryboardName = LaunchScreen;
				INFOPLIST_KEY_UIMainStoryboardFile = Main;
				INFOPLIST_KEY_UISupportedInterfaceOrientations_iPad = "UIInterfaceOrientationPortrait UIInterfaceOrientationPortraitUpsideDown UIInterfaceOrientationLandscapeLeft UIInterfaceOrientationLandscapeRight";
				INFOPLIST_KEY_UISupportedInterfaceOrientations_iPhone = "UIInterfaceOrientationPortrait UIInterfaceOrientationLandscapeLeft UIInterfaceOrientationLandscapeRight";
				IPHONEOS_DEPLOYMENT_TARGET = 16.0;
				LD_RUNPATH_SEARCH_PATHS = (
					"$(inherited)",
					"@executable_path/Frameworks",
				);
				MARKETING_VERSION = 1.0;
				PRODUCT_BUNDLE_IDENTIFIER = homeWork.PipeCalculator;
				PRODUCT_NAME = "$(TARGET_NAME)";
				SWIFT_EMIT_LOC_STRINGS = YES;
				SWIFT_VERSION = 5.0;
				TARGETED_DEVICE_FAMILY = "1,2";
			};
			name = Debug;
		};
		96B6C5F72985951F00787122 /* Release */ = {
			isa = XCBuildConfiguration;
			baseConfigurationReference = 86ADB2D0140D98A82AD1CF1E /* Pods-PipeCalculator.release.xcconfig */;
			buildSettings = {
				ASSETCATALOG_COMPILER_APPICON_NAME = AppIcon;
				ASSETCATALOG_COMPILER_GLOBAL_ACCENT_COLOR_NAME = AccentColor;
				CODE_SIGN_STYLE = Automatic;
				CURRENT_PROJECT_VERSION = 1;
				DEVELOPMENT_TEAM = T7GV2BL9LD;
				GENERATE_INFOPLIST_FILE = YES;
				INFOPLIST_FILE = PipeCalculator/Info.plist;
				INFOPLIST_KEY_UIApplicationSupportsIndirectInputEvents = YES;
				INFOPLIST_KEY_UILaunchStoryboardName = LaunchScreen;
				INFOPLIST_KEY_UIMainStoryboardFile = Main;
				INFOPLIST_KEY_UISupportedInterfaceOrientations_iPad = "UIInterfaceOrientationPortrait UIInterfaceOrientationPortraitUpsideDown UIInterfaceOrientationLandscapeLeft UIInterfaceOrientationLandscapeRight";
				INFOPLIST_KEY_UISupportedInterfaceOrientations_iPhone = "UIInterfaceOrientationPortrait UIInterfaceOrientationLandscapeLeft UIInterfaceOrientationLandscapeRight";
				IPHONEOS_DEPLOYMENT_TARGET = 16.0;
				LD_RUNPATH_SEARCH_PATHS = (
					"$(inherited)",
					"@executable_path/Frameworks",
				);
				MARKETING_VERSION = 1.0;
				PRODUCT_BUNDLE_IDENTIFIER = homeWork.PipeCalculator;
				PRODUCT_NAME = "$(TARGET_NAME)";
				SWIFT_EMIT_LOC_STRINGS = YES;
				SWIFT_VERSION = 5.0;
				TARGETED_DEVICE_FAMILY = "1,2";
			};
			name = Release;
		};
/* End XCBuildConfiguration section */

/* Begin XCConfigurationList section */
		96B6C5DC2985951A00787122 /* Build configuration list for PBXProject "PipeCalculator" */ = {
			isa = XCConfigurationList;
			buildConfigurations = (
				96B6C5F32985951F00787122 /* Debug */,
				96B6C5F42985951F00787122 /* Release */,
			);
			defaultConfigurationIsVisible = 0;
			defaultConfigurationName = Release;
		};
		96B6C5F52985951F00787122 /* Build configuration list for PBXNativeTarget "PipeCalculator" */ = {
			isa = XCConfigurationList;
			buildConfigurations = (
				96B6C5F62985951F00787122 /* Debug */,
				96B6C5F72985951F00787122 /* Release */,
			);
			defaultConfigurationIsVisible = 0;
			defaultConfigurationName = Release;
		};
/* End XCConfigurationList section */

/* Begin XCRemoteSwiftPackageReference section */
		96B6C6022986ED8B00787122 /* XCRemoteSwiftPackageReference "Alamofire" */ = {
			isa = XCRemoteSwiftPackageReference;
			repositoryURL = "https://github.com/Alamofire/Alamofire.git";
			requirement = {
				kind = upToNextMajorVersion;
				minimumVersion = 5.0.0;
			};
		};
		96B6C6052986EDAC00787122 /* XCRemoteSwiftPackageReference "SwiftyJSON" */ = {
			isa = XCRemoteSwiftPackageReference;
			repositoryURL = "https://github.com/SwiftyJSON/SwiftyJSON.git";
			requirement = {
				kind = upToNextMajorVersion;
				minimumVersion = 5.0.0;
			};
		};
/* End XCRemoteSwiftPackageReference section */

/* Begin XCSwiftPackageProductDependency section */
		96B6C6032986ED8B00787122 /* Alamofire */ = {
			isa = XCSwiftPackageProductDependency;
			package = 96B6C6022986ED8B00787122 /* XCRemoteSwiftPackageReference "Alamofire" */;
			productName = Alamofire;
		};
		96B6C6062986EDAC00787122 /* SwiftyJSON */ = {
			isa = XCSwiftPackageProductDependency;
			package = 96B6C6052986EDAC00787122 /* XCRemoteSwiftPackageReference "SwiftyJSON" */;
			productName = SwiftyJSON;
		};
/* End XCSwiftPackageProductDependency section */
	};
	rootObject = 96B6C5D92985951A00787122 /* Project object */;
}
